
Microsoft Visual Studio Solution File, Format Version 12.00
# Visual Studio 2013
VisualStudioVersion = 12.0.30501.0
MinimumVisualStudioVersion = 10.0.40219.1
Project("{FAE04EC0-301F-11D3-BF4B-00C04F79EFBC}") = "Skrin", "Skrin\Skrin.csproj", "{793BD2CF-917F-4D4D-BEC5-268C2B10F9F8}"
EndProject
Project("{FAE04EC0-301F-11D3-BF4B-00C04F79EFBC}") = "serch_contra_bll", "..\..\Service\serch_contra_bll\serch_contra_bll.csproj", "{9317C7B9-C69B-4EC6-A50C-7EC0ED5767E0}"
EndProject
Global
	GlobalSection(SolutionConfigurationPlatforms) = preSolution
		Debug|Any CPU = Debug|Any CPU
		Release|Any CPU = Release|Any CPU
	EndGlobalSection
	GlobalSection(ProjectConfigurationPlatforms) = postSolution
		{793BD2CF-917F-4D4D-BEC5-268C2B10F9F8}.Debug|Any CPU.ActiveCfg = Debug|Any CPU
		{793BD2CF-917F-4D4D-BEC5-268C2B10F9F8}.Debug|Any CPU.Build.0 = Debug|Any CPU
		{793BD2CF-917F-4D4D-BEC5-268C2B10F9F8}.Release|Any CPU.ActiveCfg = Release|Any CPU
		{793BD2CF-917F-4D4D-BEC5-268C2B10F9F8}.Release|Any CPU.Build.0 = Release|Any CPU
		{9317C7B9-C69B-4EC6-A50C-7EC0ED5767E0}.Debug|Any CPU.ActiveCfg = Debug|Any CPU
		{9317C7B9-C69B-4EC6-A50C-7EC0ED5767E0}.Debug|Any CPU.Build.0 = Debug|Any CPU
		{9317C7B9-C69B-4EC6-A50C-7EC0ED5767E0}.Release|Any CPU.ActiveCfg = Release|Any CPU
		{9317C7B9-C69B-4EC6-A50C-7EC0ED5767E0}.Release|Any CPU.Build.0 = Release|Any CPU
	EndGlobalSection
	GlobalSection(SolutionProperties) = preSolution
		HideSolutionNode = FALSE
	EndGlobalSection
EndGlobal
